
Microsoft Visual Studio Solution File, Format Version 12.00
# Visual Studio Version 17
VisualStudioVersion = 17.9.34607.119
MinimumVisualStudioVersion = 10.0.40219.1
Project("{FAE04EC0-301F-11D3-BF4B-00C04F79EFBC}") = "GUI", "GUI\GUI.csproj", "{CF2E3A37-2BE4-4546-BCC9-1313A7BC5757}"
EndProject
Project("{FAE04EC0-301F-11D3-BF4B-00C04F79EFBC}") = "BLL", "BLL\BLL.csproj", "{C3741289-3DD8-483F-B235-9B29545ADF7A}"
EndProject
Project("{FAE04EC0-301F-11D3-BF4B-00C04F79EFBC}") = "DAL", "DAL\DAL.csproj", "{698BD34A-8ECD-4D66-90E4-2F5D93EDBFB8}"
EndProject
Project("{FAE04EC0-301F-11D3-BF4B-00C04F79EFBC}") = "Entity", "Entity\Entity.csproj", "{D229684B-8535-4164-ACE5-B640E154C42D}"
EndProject
Global
	GlobalSection(SolutionConfigurationPlatforms) = preSolution
		Debug|Any CPU = Debug|Any CPU
		Release|Any CPU = Release|Any CPU
	EndGlobalSection
	GlobalSection(ProjectConfigurationPlatforms) = postSolution
		{CF2E3A37-2BE4-4546-BCC9-1313A7BC5757}.Debug|Any CPU.ActiveCfg = Debug|Any CPU
		{CF2E3A37-2BE4-4546-BCC9-1313A7BC5757}.Debug|Any CPU.Build.0 = Debug|Any CPU
		{CF2E3A37-2BE4-4546-BCC9-1313A7BC5757}.Release|Any CPU.ActiveCfg = Release|Any CPU
		{CF2E3A37-2BE4-4546-BCC9-1313A7BC5757}.Release|Any CPU.Build.0 = Release|Any CPU
		{C3741289-3DD8-483F-B235-9B29545ADF7A}.Debug|Any CPU.ActiveCfg = Debug|Any CPU
		{C3741289-3DD8-483F-B235-9B29545ADF7A}.Debug|Any CPU.Build.0 = Debug|Any CPU
		{C3741289-3DD8-483F-B235-9B29545ADF7A}.Release|Any CPU.ActiveCfg = Release|Any CPU
		{C3741289-3DD8-483F-B235-9B29545ADF7A}.Release|Any CPU.Build.0 = Release|Any CPU
		{698BD34A-8ECD-4D66-90E4-2F5D93EDBFB8}.Debug|Any CPU.ActiveCfg = Debug|Any CPU
		{698BD34A-8ECD-4D66-90E4-2F5D93EDBFB8}.Debug|Any CPU.Build.0 = Debug|Any CPU
		{698BD34A-8ECD-4D66-90E4-2F5D93EDBFB8}.Release|Any CPU.ActiveCfg = Release|Any CPU
		{698BD34A-8ECD-4D66-90E4-2F5D93EDBFB8}.Release|Any CPU.Build.0 = Release|Any CPU
		{D229684B-8535-4164-ACE5-B640E154C42D}.Debug|Any CPU.ActiveCfg = Debug|Any CPU
		{D229684B-8535-4164-ACE5-B640E154C42D}.Debug|Any CPU.Build.0 = Debug|Any CPU
		{D229684B-8535-4164-ACE5-B640E154C42D}.Release|Any CPU.ActiveCfg = Release|Any CPU
		{D229684B-8535-4164-ACE5-B640E154C42D}.Release|Any CPU.Build.0 = Release|Any CPU
	EndGlobalSection
	GlobalSection(SolutionProperties) = preSolution
		HideSolutionNode = FALSE
	EndGlobalSection
	GlobalSection(ExtensibilityGlobals) = postSolution
		SolutionGuid = {6700B9C9-4772-467B-AA85-7C8AB170881F}
	EndGlobalSection
EndGlobal
